{
  "name": "dmodule-slim.js",
  "version": "1.0.0",
  "lockfileVersion": 1,
  "requires": true,
  "dependencies": {
    "buffer-crc32": {
      "version": "0.2.13",
      "resolved": "https://registry.npmjs.org/buffer-crc32/-/buffer-crc32-0.2.13.tgz",
      "integrity": "sha1-DTM+PwDqxQqhRUq9MO+MKl2ackI="
    },
    "caller.js": {
      "version": "1.0.3",
      "resolved": "https://registry.npmjs.org/caller.js/-/caller.js-1.0.3.tgz",
      "integrity": "sha512-+Vz+03H3ss7fwb7j4ySprJIX4ya2hq/az2VtZnceHwdLOVoj6stblsCVCuT2ZSJSvWQ3NZzK4rLy0UopUnD0CA=="
    },
    "fd-slicer": {
      "version": "1.1.0",
      "resolved": "https://registry.npmjs.org/fd-slicer/-/fd-slicer-1.1.0.tgz",
      "integrity": "sha1-JcfInLH5B3+IkbvmHY85Dq4lbx4=",
      "requires": {
        "pend": "~1.2.0"
      }
    },
    "hent": {
      "version": "1.0.2",
      "resolved": "https://registry.npmjs.org/hent/-/hent-1.0.2.tgz",
      "integrity": "sha512-qXSJOTb4caDcYmNT1dSMbLgT45qcI+nTN6+R8ay+i95lI15ZV2I+Ukh4orA14BwnWaqkndF3nY7Gp8bwpj81Eg=="
    },
    "lightning-request": {
      "version": "0.2.0",
      "resolved": "https://registry.npmjs.org/lightning-request/-/lightning-request-0.2.0.tgz",
      "integrity": "sha512-RVoW1FBm7rZ5HE7u9p1ajluqdFsyRI38Tbuvb4Pn+YaEsLGVNQfBKN7fxzbnMvhiwSbrwvcspr0RDahxkrRsRQ=="
    },
    "lisa.orbit": {
      "version": "1.0.5",
      "resolved": "https://registry.npmjs.org/lisa.orbit/-/lisa.orbit-1.0.5.tgz",
      "integrity": "sha512-wMUn/AbPeAgiF2gfRpBENjYXe/l9piK9qRD7Zv0OIZrnnumboARLkRSp52ZJ0vE4gy8VaDmCaM0dBr0gDLATSQ==",
      "requires": {
        "lisa.promise": "^1.1.0",
        "lisa.utils": "^2.2.0"
      }
    },
    "lisa.promise": {
      "version": "1.1.2",
      "resolved": "https://registry.npmjs.org/lisa.promise/-/lisa.promise-1.1.2.tgz",
      "integrity": "sha512-bbYVYuCUBr1u3FtHAfxbOvwV1zG1QlInOQN/ULm9vwhI0Lwutks6eZBgNR9heS8dY1Lemz+WcHVew6xeo0r+Jg==",
      "requires": {
        "promise-sequential": "^1.1.1"
      }
    },
    "lisa.sync": {
      "version": "1.1.5",
      "resolved": "https://registry.npmjs.org/lisa.sync/-/lisa.sync-1.1.5.tgz",
      "integrity": "sha512-P5+ZUgnzX+mXGqIBhSBgTjNTrAHdgeDwCPYh5sTkfFhJ/qcYUU+QDUT4fVOgG2ZT7tE7FbfZ4NVUSXByAqQ+aQ==",
      "requires": {
        "lisa.orbit": "^1.0.5",
        "lisa.utils": "^2.3.0"
      }
    },
    "lisa.unzip.js": {
      "version": "1.0.0",
      "resolved": "https://registry.npmjs.org/lisa.unzip.js/-/lisa.unzip.js-1.0.0.tgz",
      "integrity": "sha512-4Q1zsbF3F559CfFOTlx8A6uTuGjYwJjVoYYpOAOiOzihWSbnLMme6CJ4r5JYjjBW8boKSM08nvA/v6aJzXZFjg==",
      "requires": {
        "yauzl": "^2.10.0"
      }
    },
    "lisa.utils": {
      "version": "2.3.0",
      "resolved": "https://registry.npmjs.org/lisa.utils/-/lisa.utils-2.3.0.tgz",
      "integrity": "sha512-5PMUJsbTNgLBAtnpG3ip4611AE/R+mbwQoerQ6PsQEGdcOHiMp4qkIUOXO7mUihrr+SButqEicZQj3bYDg+x6A=="
    },
    "pend": {
      "version": "1.2.0",
      "resolved": "https://registry.npmjs.org/pend/-/pend-1.2.0.tgz",
      "integrity": "sha1-elfrVQpng/kRUzH89GY9XI4AelA="
    },
    "promise-sequential": {
      "version": "1.1.1",
      "resolved": "https://registry.npmjs.org/promise-sequential/-/promise-sequential-1.1.1.tgz",
      "integrity": "sha1-956JUO+G56eoW/MgRSZDWS9tL7I="
    },
    "yauzl": {
      "version": "2.10.0",
      "resolved": "https://registry.npmjs.org/yauzl/-/yauzl-2.10.0.tgz",
      "integrity": "sha1-x+sXyT4RLLEIb6bY5R+wZnt5pfk=",
      "requires": {
        "buffer-crc32": "~0.2.3",
        "fd-slicer": "~1.1.0"
      }
    }
  }
}
